// !$*UTF8*$!
{
	archiveVersion = 1;
	classes = {
	};
	objectVersion = 51;
	objects = {

/* Begin PBXBuildFile section */
		38319B0B1BB2BE5E65DF1E57 /* Pods_JKServer.framework in Frameworks */ = {isa = PBXBuildFile; fileRef = 7F8B6C7BAF3A625B9C11DB5B /* Pods_JKServer.framework */; };
		E211368324D26C1700C51B7D /* Immessage.proto.swift in Sources */ = {isa = PBXBuildFile; fileRef = E211368224D26C1700C51B7D /* Immessage.proto.swift */; };
		E28A84DD24D3A8DA0093A10E /* JKOCPermenantThread.m in Sources */ = {isa = PBXBuildFile; fileRef = E28A84DB24D3A8DA0093A10E /* JKOCPermenantThread.m */; };
		E28A84E524D3AC570093A10E /* ViewController1.swift in Sources */ = {isa = PBXBuildFile; fileRef = E28A84E424D3AC570093A10E /* ViewController1.swift */; };
		E29C465F24D1997E009A16C0 /* AppDelegate.swift in Sources */ = {isa = PBXBuildFile; fileRef = E29C465E24D1997E009A16C0 /* AppDelegate.swift */; };
		E29C466124D1997E009A16C0 /* SceneDelegate.swift in Sources */ = {isa = PBXBuildFile; fileRef = E29C466024D1997E009A16C0 /* SceneDelegate.swift */; };
		E29C466324D1997E009A16C0 /* ViewController.swift in Sources */ = {isa = PBXBuildFile; fileRef = E29C466224D1997E009A16C0 /* ViewController.swift */; };
		E29C466624D1997E009A16C0 /* Main.storyboard in Resources */ = {isa = PBXBuildFile; fileRef = E29C466424D1997E009A16C0 /* Main.storyboard */; };
		E29C466824D19980009A16C0 /* Assets.xcassets in Resources */ = {isa = PBXBuildFile; fileRef = E29C466724D19980009A16C0 /* Assets.xcassets */; };
		E29C466B24D19980009A16C0 /* LaunchScreen.storyboard in Resources */ = {isa = PBXBuildFile; fileRef = E29C466924D19980009A16C0 /* LaunchScreen.storyboard */; };
		E29C467624D19980009A16C0 /* JKServerTests.swift in Sources */ = {isa = PBXBuildFile; fileRef = E29C467524D19980009A16C0 /* JKServerTests.swift */; };
		E29C468124D19980009A16C0 /* JKServerUITests.swift in Sources */ = {isa = PBXBuildFile; fileRef = E29C468024D19980009A16C0 /* JKServerUITests.swift */; };
		E29C469624D19CF2009A16C0 /* yudpsocket.c in Sources */ = {isa = PBXBuildFile; fileRef = E29C469124D19CF2009A16C0 /* yudpsocket.c */; };
		E29C469724D19CF2009A16C0 /* yudpsocket.swift in Sources */ = {isa = PBXBuildFile; fileRef = E29C469224D19CF2009A16C0 /* yudpsocket.swift */; };
		E29C469824D19CF2009A16C0 /* ytcpsocket.c in Sources */ = {isa = PBXBuildFile; fileRef = E29C469324D19CF2009A16C0 /* ytcpsocket.c */; };
		E29C469924D19CF2009A16C0 /* ysocket.swift in Sources */ = {isa = PBXBuildFile; fileRef = E29C469424D19CF2009A16C0 /* ysocket.swift */; };
		E29C469A24D19CF2009A16C0 /* ytcpsocket.swift in Sources */ = {isa = PBXBuildFile; fileRef = E29C469524D19CF2009A16C0 /* ytcpsocket.swift */; };
		E29C469D24D19D00009A16C0 /* ClientManger.swift in Sources */ = {isa = PBXBuildFile; fileRef = E29C469B24D19D00009A16C0 /* ClientManger.swift */; };
		E29C469E24D19D00009A16C0 /* ServerManger.swift in Sources */ = {isa = PBXBuildFile; fileRef = E29C469C24D19D00009A16C0 /* ServerManger.swift */; };
/* End PBXBuildFile section */

/* Begin PBXContainerItemProxy section */
		E29C467224D19980009A16C0 /* PBXContainerItemProxy */ = {
			isa = PBXContainerItemProxy;
			containerPortal = E29C465324D1997E009A16C0 /* Project object */;
			proxyType = 1;
			remoteGlobalIDString = E29C465A24D1997E009A16C0;
			remoteInfo = JKServer;
		};
		E29C467D24D19980009A16C0 /* PBXContainerItemProxy */ = {
			isa = PBXContainerItemProxy;
			containerPortal = E29C465324D1997E009A16C0 /* Project object */;
			proxyType = 1;
			remoteGlobalIDString = E29C465A24D1997E009A16C0;
			remoteInfo = JKServer;
		};
/* End PBXContainerItemProxy section */

/* Begin PBXFileReference section */
		576855459590EF3D7D0A805B /* Pods-JKServer.debug.xcconfig */ = {isa = PBXFileReference; includeInIndex = 1; lastKnownFileType = text.xcconfig; name = "Pods-JKServer.debug.xcconfig"; path = "Target Support Files/Pods-JKServer/Pods-JKServer.debug.xcconfig"; sourceTree = "<group>"; };
		7F8B6C7BAF3A625B9C11DB5B /* Pods_JKServer.framework */ = {isa = PBXFileReference; explicitFileType = wrapper.framework; includeInIndex = 0; path = Pods_JKServer.framework; sourceTree = BUILT_PRODUCTS_DIR; };
		A9EE8792D3101405354E91F2 /* Pods-JKServer.release.xcconfig */ = {isa = PBXFileReference; includeInIndex = 1; lastKnownFileType = text.xcconfig; name = "Pods-JKServer.release.xcconfig"; path = "Target Support Files/Pods-JKServer/Pods-JKServer.release.xcconfig"; sourceTree = "<group>"; };
		E211368224D26C1700C51B7D /* Immessage.proto.swift */ = {isa = PBXFileReference; fileEncoding = 4; lastKnownFileType = sourcecode.swift; path = Immessage.proto.swift; sourceTree = "<group>"; };
		E28A84DB24D3A8DA0093A10E /* JKOCPermenantThread.m */ = {isa = PBXFileReference; fileEncoding = 4; lastKnownFileType = sourcecode.c.objc; path = JKOCPermenantThread.m; sourceTree = "<group>"; };
		E28A84DC24D3A8DA0093A10E /* JKOCPermenantThread.h */ = {isa = PBXFileReference; fileEncoding = 4; lastKnownFileType = sourcecode.c.h; path = JKOCPermenantThread.h; sourceTree = "<group>"; };
		E28A84E324D3AAAA0093A10E /* JKServer-Bridging-Header.h */ = {isa = PBXFileReference; lastKnownFileType = sourcecode.c.h; path = "JKServer-Bridging-Header.h"; sourceTree = "<group>"; };
		E28A84E424D3AC570093A10E /* ViewController1.swift */ = {isa = PBXFileReference; lastKnownFileType = sourcecode.swift; path = ViewController1.swift; sourceTree = "<group>"; };
		E29C465B24D1997E009A16C0 /* JKServer.app */ = {isa = PBXFileReference; explicitFileType = wrapper.application; includeInIndex = 0; path = JKServer.app; sourceTree = BUILT_PRODUCTS_DIR; };
		E29C465E24D1997E009A16C0 /* AppDelegate.swift */ = {isa = PBXFileReference; lastKnownFileType = sourcecode.swift; path = AppDelegate.swift; sourceTree = "<group>"; };
		E29C466024D1997E009A16C0 /* SceneDelegate.swift */ = {isa = PBXFileReference; lastKnownFileType = sourcecode.swift; path = SceneDelegate.swift; sourceTree = "<group>"; };
		E29C466224D1997E009A16C0 /* ViewController.swift */ = {isa = PBXFileReference; lastKnownFileType = sourcecode.swift; path = ViewController.swift; sourceTree = "<group>"; };
		E29C466524D1997E009A16C0 /* Base */ = {isa = PBXFileReference; lastKnownFileType = file.storyboard; name = Base; path = Base.lproj/Main.storyboard; sourceTree = "<group>"; };
		E29C466724D19980009A16C0 /* Assets.xcassets */ = {isa = PBXFileReference; lastKnownFileType = folder.assetcatalog; path = Assets.xcassets; sourceTree = "<group>"; };
		E29C466A24D19980009A16C0 /* Base */ = {isa = PBXFileReference; lastKnownFileType = file.storyboard; name = Base; path = Base.lproj/LaunchScreen.storyboard; sourceTree = "<group>"; };
		E29C466C24D19980009A16C0 /* Info.plist */ = {isa = PBXFileReference; lastKnownFileType = text.plist.xml; path = Info.plist; sourceTree = "<group>"; };
		E29C467124D19980009A16C0 /* JKServerTests.xctest */ = {isa = PBXFileReference; explicitFileType = wrapper.cfbundle; includeInIndex = 0; path = JKServerTests.xctest; sourceTree = BUILT_PRODUCTS_DIR; };
		E29C467524D19980009A16C0 /* JKServerTests.swift */ = {isa = PBXFileReference; lastKnownFileType = sourcecode.swift; path = JKServerTests.swift; sourceTree = "<group>"; };
		E29C467724D19980009A16C0 /* Info.plist */ = {isa = PBXFileReference; lastKnownFileType = text.plist.xml; path = Info.plist; sourceTree = "<group>"; };
		E29C467C24D19980009A16C0 /* JKServerUITests.xctest */ = {isa = PBXFileReference; explicitFileType = wrapper.cfbundle; includeInIndex = 0; path = JKServerUITests.xctest; sourceTree = BUILT_PRODUCTS_DIR; };
		E29C468024D19980009A16C0 /* JKServerUITests.swift */ = {isa = PBXFileReference; lastKnownFileType = sourcecode.swift; path = JKServerUITests.swift; sourceTree = "<group>"; };
		E29C468224D19980009A16C0 /* Info.plist */ = {isa = PBXFileReference; lastKnownFileType = text.plist.xml; path = Info.plist; sourceTree = "<group>"; };
		E29C469124D19CF2009A16C0 /* yudpsocket.c */ = {isa = PBXFileReference; fileEncoding = 4; lastKnownFileType = sourcecode.c.c; path = yudpsocket.c; sourceTree = "<group>"; };
		E29C469224D19CF2009A16C0 /* yudpsocket.swift */ = {isa = PBXFileReference; fileEncoding = 4; lastKnownFileType = sourcecode.swift; path = yudpsocket.swift; sourceTree = "<group>"; };
		E29C469324D19CF2009A16C0 /* ytcpsocket.c */ = {isa = PBXFileReference; fileEncoding = 4; lastKnownFileType = sourcecode.c.c; path = ytcpsocket.c; sourceTree = "<group>"; };
		E29C469424D19CF2009A16C0 /* ysocket.swift */ = {isa = PBXFileReference; fileEncoding = 4; lastKnownFileType = sourcecode.swift; path = ysocket.swift; sourceTree = "<group>"; };
		E29C469524D19CF2009A16C0 /* ytcpsocket.swift */ = {isa = PBXFileReference; fileEncoding = 4; lastKnownFileType = sourcecode.swift; path = ytcpsocket.swift; sourceTree = "<group>"; };
		E29C469B24D19D00009A16C0 /* ClientManger.swift */ = {isa = PBXFileReference; fileEncoding = 4; lastKnownFileType = sourcecode.swift; path = ClientManger.swift; sourceTree = "<group>"; };
		E29C469C24D19D00009A16C0 /* ServerManger.swift */ = {isa = PBXFileReference; fileEncoding = 4; lastKnownFileType = sourcecode.swift; path = ServerManger.swift; sourceTree = "<group>"; };
/* End PBXFileReference section */

/* Begin PBXFrameworksBuildPhase section */
		E29C465824D1997E009A16C0 /* Frameworks */ = {
			isa = PBXFrameworksBuildPhase;
			buildActionMask = 2147483647;
			files = (
				38319B0B1BB2BE5E65DF1E57 /* Pods_JKServer.framework in Frameworks */,
			);
			runOnlyForDeploymentPostprocessing = 0;
		};
		E29C466E24D19980009A16C0 /* Frameworks */ = {
			isa = PBXFrameworksBuildPhase;
			buildActionMask = 2147483647;
			files = (
			);
			runOnlyForDeploymentPostprocessing = 0;
		};
		E29C467924D19980009A16C0 /* Frameworks */ = {
			isa = PBXFrameworksBuildPhase;
			buildActionMask = 2147483647;
			files = (
			);
			runOnlyForDeploymentPostprocessing = 0;
		};
/* End PBXFrameworksBuildPhase section */

/* Begin PBXGroup section */
		E29C465224D1997E009A16C0 = {
			isa = PBXGroup;
			children = (
				E29C465D24D1997E009A16C0 /* JKServer */,
				E29C467424D19980009A16C0 /* JKServerTests */,
				E29C467F24D19980009A16C0 /* JKServerUITests */,
				E29C465C24D1997E009A16C0 /* Products */,
				F774B356476F0E9CE500471B /* Pods */,
				EA6C35719EA477F84688C342 /* Frameworks */,
			);
			sourceTree = "<group>";
		};
		E29C465C24D1997E009A16C0 /* Products */ = {
			isa = PBXGroup;
			children = (
				E29C465B24D1997E009A16C0 /* JKServer.app */,
				E29C467124D19980009A16C0 /* JKServerTests.xctest */,
				E29C467C24D19980009A16C0 /* JKServerUITests.xctest */,
			);
			name = Products;
			sourceTree = "<group>";
		};
		E29C465D24D1997E009A16C0 /* JKServer */ = {
			isa = PBXGroup;
			children = (
				E29C465E24D1997E009A16C0 /* AppDelegate.swift */,
				E29C466024D1997E009A16C0 /* SceneDelegate.swift */,
				E29C466224D1997E009A16C0 /* ViewController.swift */,
				E28A84E424D3AC570093A10E /* ViewController1.swift */,
				E211368224D26C1700C51B7D /* Immessage.proto.swift */,
				E29C468F24D19CDC009A16C0 /* Server */,
				E29C466424D1997E009A16C0 /* Main.storyboard */,
				E29C466724D19980009A16C0 /* Assets.xcassets */,
				E28A84E324D3AAAA0093A10E /* JKServer-Bridging-Header.h */,
				E29C466924D19980009A16C0 /* LaunchScreen.storyboard */,
				E29C466C24D19980009A16C0 /* Info.plist */,
			);
			path = JKServer;
			sourceTree = "<group>";
		};
		E29C467424D19980009A16C0 /* JKServerTests */ = {
			isa = PBXGroup;
			children = (
				E29C467524D19980009A16C0 /* JKServerTests.swift */,
				E29C467724D19980009A16C0 /* Info.plist */,
			);
			path = JKServerTests;
			sourceTree = "<group>";
		};
		E29C467F24D19980009A16C0 /* JKServerUITests */ = {
			isa = PBXGroup;
			children = (
				E29C468024D19980009A16C0 /* JKServerUITests.swift */,
				E29C468224D19980009A16C0 /* Info.plist */,
			);
			path = JKServerUITests;
			sourceTree = "<group>";
		};
		E29C468F24D19CDC009A16C0 /* Server */ = {
			isa = PBXGroup;
			children = (
				E29C469C24D19D00009A16C0 /* ServerManger.swift */,
				E29C469B24D19D00009A16C0 /* ClientManger.swift */,
				E28A84DC24D3A8DA0093A10E /* JKOCPermenantThread.h */,
				E28A84DB24D3A8DA0093A10E /* JKOCPermenantThread.m */,
				E29C469024D19CF2009A16C0 /* ysocket */,
			);
			path = Server;
			sourceTree = "<group>";
		};
		E29C469024D19CF2009A16C0 /* ysocket */ = {
			isa = PBXGroup;
			children = (
				E29C469124D19CF2009A16C0 /* yudpsocket.c */,
				E29C469224D19CF2009A16C0 /* yudpsocket.swift */,
				E29C469324D19CF2009A16C0 /* ytcpsocket.c */,
				E29C469424D19CF2009A16C0 /* ysocket.swift */,
				E29C469524D19CF2009A16C0 /* ytcpsocket.swift */,
			);
			path = ysocket;
			sourceTree = "<group>";
		};
		EA6C35719EA477F84688C342 /* Frameworks */ = {
			isa = PBXGroup;
			children = (
				7F8B6C7BAF3A625B9C11DB5B /* Pods_JKServer.framework */,
			);
			name = Frameworks;
			sourceTree = "<group>";
		};
		F774B356476F0E9CE500471B /* Pods */ = {
			isa = PBXGroup;
			children = (
				576855459590EF3D7D0A805B /* Pods-JKServer.debug.xcconfig */,
				A9EE8792D3101405354E91F2 /* Pods-JKServer.release.xcconfig */,
			);
			path = Pods;
			sourceTree = "<group>";
		};
/* End PBXGroup section */

/* Begin PBXNativeTarget section */
		E29C465A24D1997E009A16C0 /* JKServer */ = {
			isa = PBXNativeTarget;
			buildConfigurationList = E29C468524D19980009A16C0 /* Build configuration list for PBXNativeTarget "JKServer" */;
			buildPhases = (
				1644F87B1E9EF00ED75C9EDE /* [CP] Check Pods Manifest.lock */,
				E29C465724D1997E009A16C0 /* Sources */,
				E29C465824D1997E009A16C0 /* Frameworks */,
				E29C465924D1997E009A16C0 /* Resources */,
				88C4697B6765E95F3B980F71 /* [CP] Embed Pods Frameworks */,
			);
			buildRules = (
			);
			dependencies = (
			);
			name = JKServer;
			productName = JKServer;
			productReference = E29C465B24D1997E009A16C0 /* JKServer.app */;
			productType = "com.apple.product-type.application";
		};
		E29C467024D19980009A16C0 /* JKServerTests */ = {
			isa = PBXNativeTarget;
			buildConfigurationList = E29C468824D19980009A16C0 /* Build configuration list for PBXNativeTarget "JKServerTests" */;
			buildPhases = (
				E29C466D24D19980009A16C0 /* Sources */,
				E29C466E24D19980009A16C0 /* Frameworks */,
				E29C466F24D19980009A16C0 /* Resources */,
			);
			buildRules = (
			);
			dependencies = (
				E29C467324D19980009A16C0 /* PBXTargetDependency */,
			);
			name = JKServerTests;
			productName = JKServerTests;
			productReference = E29C467124D19980009A16C0 /* JKServerTests.xctest */;
			productType = "com.apple.product-type.bundle.unit-test";
		};
		E29C467B24D19980009A16C0 /* JKServerUITests */ = {
			isa = PBXNativeTarget;
			buildConfigurationList = E29C468B24D19980009A16C0 /* Build configuration list for PBXNativeTarget "JKServerUITests" */;
			buildPhases = (
				E29C467824D19980009A16C0 /* Sources */,
				E29C467924D19980009A16C0 /* Frameworks */,
				E29C467A24D19980009A16C0 /* Resources */,
			);
			buildRules = (
			);
			dependencies = (
				E29C467E24D19980009A16C0 /* PBXTargetDependency */,
			);
			name = JKServerUITests;
			productName = JKServerUITests;
			productReference = E29C467C24D19980009A16C0 /* JKServerUITests.xctest */;
			productType = "com.apple.product-type.bundle.ui-testing";
		};
/* End PBXNativeTarget section */

/* Begin PBXProject section */
		E29C465324D1997E009A16C0 /* Project object */ = {
			isa = PBXProject;
			attributes = {
				LastSwiftUpdateCheck = 1160;
				LastUpgradeCheck = 1160;
				ORGANIZATIONNAME = "王冲";
				TargetAttributes = {
					E29C465A24D1997E009A16C0 = {
						CreatedOnToolsVersion = 11.6;
					};
					E29C467024D19980009A16C0 = {
						CreatedOnToolsVersion = 11.6;
						TestTargetID = E29C465A24D1997E009A16C0;
					};
					E29C467B24D19980009A16C0 = {
						CreatedOnToolsVersion = 11.6;
						TestTargetID = E29C465A24D1997E009A16C0;
					};
				};
			};
			buildConfigurationList = E29C465624D1997E009A16C0 /* Build configuration list for PBXProject "JKServer" */;
			compatibilityVersion = "Xcode 9.3";
			developmentRegion = en;
			hasScannedForEncodings = 0;
			knownRegions = (
				en,
				Base,
			);
			mainGroup = E29C465224D1997E009A16C0;
			productRefGroup = E29C465C24D1997E009A16C0 /* Products */;
			projectDirPath = "";
			projectRoot = "";
			targets = (
				E29C465A24D1997E009A16C0 /* JKServer */,
				E29C467024D19980009A16C0 /* JKServerTests */,
				E29C467B24D19980009A16C0 /* JKServerUITests */,
			);
		};
/* End PBXProject section */

/* Begin PBXResourcesBuildPhase section */
		E29C465924D1997E009A16C0 /* Resources */ = {
			isa = PBXResourcesBuildPhase;
			buildActionMask = 2147483647;
			files = (
				E29C466B24D19980009A16C0 /* LaunchScreen.storyboard in Resources */,
				E29C466824D19980009A16C0 /* Assets.xcassets in Resources */,
				E29C466624D1997E009A16C0 /* Main.storyboard in Resources */,
			);
			runOnlyForDeploymentPostprocessing = 0;
		};
		E29C466F24D19980009A16C0 /* Resources */ = {
			isa = PBXResourcesBuildPhase;
			buildActionMask = 2147483647;
			files = (
			);
			runOnlyForDeploymentPostprocessing = 0;
		};
		E29C467A24D19980009A16C0 /* Resources */ = {
			isa = PBXResourcesBuildPhase;
			buildActionMask = 2147483647;
			files = (
			);
			runOnlyForDeploymentPostprocessing = 0;
		};
/* End PBXResourcesBuildPhase section */

/* Begin PBXShellScriptBuildPhase section */
		1644F87B1E9EF00ED75C9EDE /* [CP] Check Pods Manifest.lock */ = {
			isa = PBXShellScriptBuildPhase;
			buildActionMask = 2147483647;
			files = (
			);
			inputFileListPaths = (
			);
			inputPaths = (
				"${PODS_PODFILE_DIR_PATH}/Podfile.lock",
				"${PODS_ROOT}/Manifest.lock",
			);
			name = "[CP] Check Pods Manifest.lock";
			outputFileListPaths = (
			);
			outputPaths = (
				"$(DERIVED_FILE_DIR)/Pods-JKServer-checkManifestLockResult.txt",
			);
			runOnlyForDeploymentPostprocessing = 0;
			shellPath = /bin/sh;
			shellScript = "diff \"${PODS_PODFILE_DIR_PATH}/Podfile.lock\" \"${PODS_ROOT}/Manifest.lock\" > /dev/null\nif [ $? != 0 ] ; then\n    # print error to STDERR\n    echo \"error: The sandbox is not in sync with the Podfile.lock. Run 'pod install' or update your CocoaPods installation.\" >&2\n    exit 1\nfi\n# This output is used by Xcode 'outputs' to avoid re-running this script phase.\necho \"SUCCESS\" > \"${SCRIPT_OUTPUT_FILE_0}\"\n";
			showEnvVarsInLog = 0;
		};
		88C4697B6765E95F3B980F71 /* [CP] Embed Pods Frameworks */ = {
			isa = PBXShellScriptBuildPhase;
			buildActionMask = 2147483647;
			files = (
			);
			inputFileListPaths = (
				"${PODS_ROOT}/Target Support Files/Pods-JKServer/Pods-JKServer-frameworks-${CONFIGURATION}-input-files.xcfilelist",
			);
			name = "[CP] Embed Pods Frameworks";
			outputFileListPaths = (
				"${PODS_ROOT}/Target Support Files/Pods-JKServer/Pods-JKServer-frameworks-${CONFIGURATION}-output-files.xcfilelist",
			);
			runOnlyForDeploymentPostprocessing = 0;
			shellPath = /bin/sh;
			shellScript = "\"${PODS_ROOT}/Target Support Files/Pods-JKServer/Pods-JKServer-frameworks.sh\"\n";
			showEnvVarsInLog = 0;
		};
/* End PBXShellScriptBuildPhase section */

/* Begin PBXSourcesBuildPhase section */
		E29C465724D1997E009A16C0 /* Sources */ = {
			isa = PBXSourcesBuildPhase;
			buildActionMask = 2147483647;
			files = (
				E29C469624D19CF2009A16C0 /* yudpsocket.c in Sources */,
				E28A84E524D3AC570093A10E /* ViewController1.swift in Sources */,
				E28A84DD24D3A8DA0093A10E /* JKOCPermenantThread.m in Sources */,
				E29C469924D19CF2009A16C0 /* ysocket.swift in Sources */,
				E29C469E24D19D00009A16C0 /* ServerManger.swift in Sources */,
				E29C469D24D19D00009A16C0 /* ClientManger.swift in Sources */,
				E29C469724D19CF2009A16C0 /* yudpsocket.swift in Sources */,
				E29C466324D1997E009A16C0 /* ViewController.swift in Sources */,
				E29C469A24D19CF2009A16C0 /* ytcpsocket.swift in Sources */,
				E29C465F24D1997E009A16C0 /* AppDelegate.swift in Sources */,
				E29C469824D19CF2009A16C0 /* ytcpsocket.c in Sources */,
				E211368324D26C1700C51B7D /* Immessage.proto.swift in Sources */,
				E29C466124D1997E009A16C0 /* SceneDelegate.swift in Sources */,
			);
			runOnlyForDeploymentPostprocessing = 0;
		};
		E29C466D24D19980009A16C0 /* Sources */ = {
			isa = PBXSourcesBuildPhase;
			buildActionMask = 2147483647;
			files = (
				E29C467624D19980009A16C0 /* JKServerTests.swift in Sources */,
			);
			runOnlyForDeploymentPostprocessing = 0;
		};
		E29C467824D19980009A16C0 /* Sources */ = {
			isa = PBXSourcesBuildPhase;
			buildActionMask = 2147483647;
			files = (
				E29C468124D19980009A16C0 /* JKServerUITests.swift in Sources */,
			);
			runOnlyForDeploymentPostprocessing = 0;
		};
/* End PBXSourcesBuildPhase section */

/* Begin PBXTargetDependency section */
		E29C467324D19980009A16C0 /* PBXTargetDependency */ = {
			isa = PBXTargetDependency;
			target = E29C465A24D1997E009A16C0 /* JKServer */;
			targetProxy = E29C467224D19980009A16C0 /* PBXContainerItemProxy */;
		};
		E29C467E24D19980009A16C0 /* PBXTargetDependency */ = {
			isa = PBXTargetDependency;
			target = E29C465A24D1997E009A16C0 /* JKServer */;
			targetProxy = E29C467D24D19980009A16C0 /* PBXContainerItemProxy */;
		};
/* End PBXTargetDependency section */

/* Begin PBXVariantGroup section */
		E29C466424D1997E009A16C0 /* Main.storyboard */ = {
			isa = PBXVariantGroup;
			children = (
				E29C466524D1997E009A16C0 /* Base */,
			);
			name = Main.storyboard;
			sourceTree = "<group>";
		};
		E29C466924D19980009A16C0 /* LaunchScreen.storyboard */ = {
			isa = PBXVariantGroup;
			children = (
				E29C466A24D19980009A16C0 /* Base */,
			);
			name = LaunchScreen.storyboard;
			sourceTree = "<group>";
		};
/* End PBXVariantGroup section */

/* Begin XCBuildConfiguration section */
		E29C468324D19980009A16C0 /* Debug */ = {
			isa = XCBuildConfiguration;
			buildSettings = {
				ALWAYS_SEARCH_USER_PATHS = NO;
				CLANG_ANALYZER_NONNULL = YES;
				CLANG_ANALYZER_NUMBER_OBJECT_CONVERSION = YES_AGGRESSIVE;
				CLANG_CXX_LANGUAGE_STANDARD = "gnu++14";
				CLANG_CXX_LIBRARY = "libc++";
				CLANG_ENABLE_MODULES = YES;
				CLANG_ENABLE_OBJC_ARC = YES;
				CLANG_ENABLE_OBJC_WEAK = YES;
				CLANG_WARN_BLOCK_CAPTURE_AUTORELEASING = YES;
				CLANG_WARN_BOOL_CONVERSION = YES;
				CLANG_WARN_COMMA = YES;
				CLANG_WARN_CONSTANT_CONVERSION = YES;
				CLANG_WARN_DEPRECATED_OBJC_IMPLEMENTATIONS = YES;
				CLANG_WARN_DIRECT_OBJC_ISA_USAGE = YES_ERROR;
				CLANG_WARN_DOCUMENTATION_COMMENTS = YES;
				CLANG_WARN_EMPTY_BODY = YES;
				CLANG_WARN_ENUM_CONVERSION = YES;
				CLANG_WARN_INFINITE_RECURSION = YES;
				CLANG_WARN_INT_CONVERSION = YES;
				CLANG_WARN_NON_LITERAL_NULL_CONVERSION = YES;
				CLANG_WARN_OBJC_IMPLICIT_RETAIN_SELF = YES;
				CLANG_WARN_OBJC_LITERAL_CONVERSION = YES;
				CLANG_WARN_OBJC_ROOT_CLASS = YES_ERROR;
				CLANG_WARN_RANGE_LOOP_ANALYSIS = YES;
				CLANG_WARN_STRICT_PROTOTYPES = YES;
				CLANG_WARN_SUSPICIOUS_MOVE = YES;
				CLANG_WARN_UNGUARDED_AVAILABILITY = YES_AGGRESSIVE;
				CLANG_WARN_UNREACHABLE_CODE = YES;
				CLANG_WARN__DUPLICATE_METHOD_MATCH = YES;
				COPY_PHASE_STRIP = NO;
				DEBUG_INFORMATION_FORMAT = dwarf;
				ENABLE_STRICT_OBJC_MSGSEND = YES;
				ENABLE_TESTABILITY = YES;
				GCC_C_LANGUAGE_STANDARD = gnu11;
				GCC_DYNAMIC_NO_PIC = NO;
				GCC_NO_COMMON_BLOCKS = YES;
				GCC_OPTIMIZATION_LEVEL = 0;
				GCC_PREPROCESSOR_DEFINITIONS = (
					"DEBUG=1",
					"$(inherited)",
				);
				GCC_WARN_64_TO_32_BIT_CONVERSION = YES;
				GCC_WARN_ABOUT_RETURN_TYPE = YES_ERROR;
				GCC_WARN_UNDECLARED_SELECTOR = YES;
				GCC_WARN_UNINITIALIZED_AUTOS = YES_AGGRESSIVE;
				GCC_WARN_UNUSED_FUNCTION = YES;
				GCC_WARN_UNUSED_VARIABLE = YES;
				IPHONEOS_DEPLOYMENT_TARGET = 13.6;
				MTL_ENABLE_DEBUG_INFO = INCLUDE_SOURCE;
				MTL_FAST_MATH = YES;
				ONLY_ACTIVE_ARCH = YES;
				SDKROOT = iphoneos;
				SWIFT_ACTIVE_COMPILATION_CONDITIONS = DEBUG;
				SWIFT_OPTIMIZATION_LEVEL = "-Onone";
			};
			name = Debug;
		};
		E29C468424D19980009A16C0 /* Release */ = {
			isa = XCBuildConfiguration;
			buildSettings = {
				ALWAYS_SEARCH_USER_PATHS = NO;
				CLANG_ANALYZER_NONNULL = YES;
				CLANG_ANALYZER_NUMBER_OBJECT_CONVERSION = YES_AGGRESSIVE;
				CLANG_CXX_LANGUAGE_STANDARD = "gnu++14";
				CLANG_CXX_LIBRARY = "libc++";
				CLANG_ENABLE_MODULES = YES;
				CLANG_ENABLE_OBJC_ARC = YES;
				CLANG_ENABLE_OBJC_WEAK = YES;
				CLANG_WARN_BLOCK_CAPTURE_AUTORELEASING = YES;
				CLANG_WARN_BOOL_CONVERSION = YES;
				CLANG_WARN_COMMA = YES;
				CLANG_WARN_CONSTANT_CONVERSION = YES;
				CLANG_WARN_DEPRECATED_OBJC_IMPLEMENTATIONS = YES;
				CLANG_WARN_DIRECT_OBJC_ISA_USAGE = YES_ERROR;
				CLANG_WARN_DOCUMENTATION_COMMENTS = YES;
				CLANG_WARN_EMPTY_BODY = YES;
				CLANG_WARN_ENUM_CONVERSION = YES;
				CLANG_WARN_INFINITE_RECURSION = YES;
				CLANG_WARN_INT_CONVERSION = YES;
				CLANG_WARN_NON_LITERAL_NULL_CONVERSION = YES;
				CLANG_WARN_OBJC_IMPLICIT_RETAIN_SELF = YES;
				CLANG_WARN_OBJC_LITERAL_CONVERSION = YES;
				CLANG_WARN_OBJC_ROOT_CLASS = YES_ERROR;
				CLANG_WARN_RANGE_LOOP_ANALYSIS = YES;
				CLANG_WARN_STRICT_PROTOTYPES = YES;
				CLANG_WARN_SUSPICIOUS_MOVE = YES;
				CLANG_WARN_UNGUARDED_AVAILABILITY = YES_AGGRESSIVE;
				CLANG_WARN_UNREACHABLE_CODE = YES;
				CLANG_WARN__DUPLICATE_METHOD_MATCH = YES;
				COPY_PHASE_STRIP = NO;
				DEBUG_INFORMATION_FORMAT = "dwarf-with-dsym";
				ENABLE_NS_ASSERTIONS = NO;
				ENABLE_STRICT_OBJC_MSGSEND = YES;
				GCC_C_LANGUAGE_STANDARD = gnu11;
				GCC_NO_COMMON_BLOCKS = YES;
				GCC_WARN_64_TO_32_BIT_CONVERSION = YES;
				GCC_WARN_ABOUT_RETURN_TYPE = YES_ERROR;
				GCC_WARN_UNDECLARED_SELECTOR = YES;
				GCC_WARN_UNINITIALIZED_AUTOS = YES_AGGRESSIVE;
				GCC_WARN_UNUSED_FUNCTION = YES;
				GCC_WARN_UNUSED_VARIABLE = YES;
				IPHONEOS_DEPLOYMENT_TARGET = 13.6;
				MTL_ENABLE_DEBUG_INFO = NO;
				MTL_FAST_MATH = YES;
				SDKROOT = iphoneos;
				SWIFT_COMPILATION_MODE = wholemodule;
				SWIFT_OPTIMIZATION_LEVEL = "-O";
				VALIDATE_PRODUCT = YES;
			};
			name = Release;
		};
		E29C468624D19980009A16C0 /* Debug */ = {
			isa = XCBuildConfiguration;
			baseConfigurationReference = 576855459590EF3D7D0A805B /* Pods-JKServer.debug.xcconfig */;
			buildSettings = {
				ASSETCATALOG_COMPILER_APPICON_NAME = AppIcon;
				CODE_SIGN_STYLE = Automatic;
				DEVELOPMENT_TEAM = 3MK2KJ67U7;
				INFOPLIST_FILE = JKServer/Info.plist;
				LD_RUNPATH_SEARCH_PATHS = (
					"$(inherited)",
					"@executable_path/Frameworks",
				);
				PRODUCT_BUNDLE_IDENTIFIER = com.jk.JKServer;
				PRODUCT_NAME = "$(TARGET_NAME)";
				SWIFT_OBJC_BRIDGING_HEADER = "JKServer/JKServer-Bridging-Header.h";
				SWIFT_VERSION = 5.0;
				TARGETED_DEVICE_FAMILY = "1,2";
			};
			name = Debug;
		};
		E29C468724D19980009A16C0 /* Release */ = {
			isa = XCBuildConfiguration;
			baseConfigurationReference = A9EE8792D3101405354E91F2 /* Pods-JKServer.release.xcconfig */;
			buildSettings = {
				ASSETCATALOG_COMPILER_APPICON_NAME = AppIcon;
				CODE_SIGN_STYLE = Automatic;
				DEVELOPMENT_TEAM = 3MK2KJ67U7;
				INFOPLIST_FILE = JKServer/Info.plist;
				LD_RUNPATH_SEARCH_PATHS = (
					"$(inherited)",
					"@executable_path/Frameworks",
				);
				PRODUCT_BUNDLE_IDENTIFIER = com.jk.JKServer;
				PRODUCT_NAME = "$(TARGET_NAME)";
				SWIFT_OBJC_BRIDGING_HEADER = "JKServer/JKServer-Bridging-Header.h";
				SWIFT_VERSION = 5.0;
				TARGETED_DEVICE_FAMILY = "1,2";
			};
			name = Release;
		};
		E29C468924D19980009A16C0 /* Debug */ = {
			isa = XCBuildConfiguration;
			buildSettings = {
				ALWAYS_EMBED_SWIFT_STANDARD_LIBRARIES = YES;
				BUNDLE_LOADER = "$(TEST_HOST)";
				CODE_SIGN_STYLE = Automatic;
				DEVELOPMENT_TEAM = 3MK2KJ67U7;
				INFOPLIST_FILE = JKServerTests/Info.plist;
				IPHONEOS_DEPLOYMENT_TARGET = 13.6;
				LD_RUNPATH_SEARCH_PATHS = (
					"$(inherited)",
					"@executable_path/Frameworks",
					"@loader_path/Frameworks",
				);
				PRODUCT_BUNDLE_IDENTIFIER = com.jk.JKServerTests;
				PRODUCT_NAME = "$(TARGET_NAME)";
				SWIFT_VERSION = 5.0;
				TARGETED_DEVICE_FAMILY = "1,2";
				TEST_HOST = "$(BUILT_PRODUCTS_DIR)/JKServer.app/JKServer";
			};
			name = Debug;
		};
		E29C468A24D19980009A16C0 /* Release */ = {
			isa = XCBuildConfiguration;
			buildSettings = {
				ALWAYS_EMBED_SWIFT_STANDARD_LIBRARIES = YES;
				BUNDLE_LOADER = "$(TEST_HOST)";
				CODE_SIGN_STYLE = Automatic;
				DEVELOPMENT_TEAM = 3MK2KJ67U7;
				INFOPLIST_FILE = JKServerTests/Info.plist;
				IPHONEOS_DEPLOYMENT_TARGET = 13.6;
				LD_RUNPATH_SEARCH_PATHS = (
					"$(inherited)",
					"@executable_path/Frameworks",
					"@loader_path/Frameworks",
				);
				PRODUCT_BUNDLE_IDENTIFIER = com.jk.JKServerTests;
				PRODUCT_NAME = "$(TARGET_NAME)";
				SWIFT_VERSION = 5.0;
				TARGETED_DEVICE_FAMILY = "1,2";
				TEST_HOST = "$(BUILT_PRODUCTS_DIR)/JKServer.app/JKServer";
			};
			name = Release;
		};
		E29C468C24D19980009A16C0 /* Debug */ = {
			isa = XCBuildConfiguration;
			buildSettings = {
				ALWAYS_EMBED_SWIFT_STANDARD_LIBRARIES = YES;
				CODE_SIGN_STYLE = Automatic;
				DEVELOPMENT_TEAM = 3MK2KJ67U7;
				INFOPLIST_FILE = JKServerUITests/Info.plist;
				LD_RUNPATH_SEARCH_PATHS = (
					"$(inherited)",
					"@executable_path/Frameworks",
					"@loader_path/Frameworks",
				);
				PRODUCT_BUNDLE_IDENTIFIER = com.jk.JKServerUITests;
				PRODUCT_NAME = "$(TARGET_NAME)";
				SWIFT_VERSION = 5.0;
				TARGETED_DEVICE_FAMILY = "1,2";
				TEST_TARGET_NAME = JKServer;
			};
			name = Debug;
		};
		E29C468D24D19980009A16C0 /* Release */ = {
			isa = XCBuildConfiguration;
			buildSettings = {
				ALWAYS_EMBED_SWIFT_STANDARD_LIBRARIES = YES;
				CODE_SIGN_STYLE = Automatic;
				DEVELOPMENT_TEAM = 3MK2KJ67U7;
				INFOPLIST_FILE = JKServerUITests/Info.plist;
				LD_RUNPATH_SEARCH_PATHS = (
					"$(inherited)",
					"@executable_path/Frameworks",
					"@loader_path/Frameworks",
				);
				PRODUCT_BUNDLE_IDENTIFIER = com.jk.JKServerUITests;
				PRODUCT_NAME = "$(TARGET_NAME)";
				SWIFT_VERSION = 5.0;
				TARGETED_DEVICE_FAMILY = "1,2";
				TEST_TARGET_NAME = JKServer;
			};
			name = Release;
		};
/* End XCBuildConfiguration section */

/* Begin XCConfigurationList section */
		E29C465624D1997E009A16C0 /* Build configuration list for PBXProject "JKServer" */ = {
			isa = XCConfigurationList;
			buildConfigurations = (
				E29C468324D19980009A16C0 /* Debug */,
				E29C468424D19980009A16C0 /* Release */,
			);
			defaultConfigurationIsVisible = 0;
			defaultConfigurationName = Release;
		};
		E29C468524D19980009A16C0 /* Build configuration list for PBXNativeTarget "JKServer" */ = {
			isa = XCConfigurationList;
			buildConfigurations = (
				E29C468624D19980009A16C0 /* Debug */,
				E29C468724D19980009A16C0 /* Release */,
			);
			defaultConfigurationIsVisible = 0;
			defaultConfigurationName = Release;
		};
		E29C468824D19980009A16C0 /* Build configuration list for PBXNativeTarget "JKServerTests" */ = {
			isa = XCConfigurationList;
			buildConfigurations = (
				E29C468924D19980009A16C0 /* Debug */,
				E29C468A24D19980009A16C0 /* Release */,
			);
			defaultConfigurationIsVisible = 0;
			defaultConfigurationName = Release;
		};
		E29C468B24D19980009A16C0 /* Build configuration list for PBXNativeTarget "JKServerUITests" */ = {
			isa = XCConfigurationList;
			buildConfigurations = (
				E29C468C24D19980009A16C0 /* Debug */,
				E29C468D24D19980009A16C0 /* Release */,
			);
			defaultConfigurationIsVisible = 0;
			defaultConfigurationName = Release;
		};
/* End XCConfigurationList section */
	};
	rootObject = E29C465324D1997E009A16C0 /* Project object */;
}
